
Microsoft Visual Studio Solution File, Format Version 12.00
# Visual Studio Version 16
VisualStudioVersion = 16.0.30907.101
MinimumVisualStudioVersion = 10.0.40219.1
Project("{9A19103F-16F7-4668-BE54-9A1E7A4F7556}") = "AdyMfb", "AdyMfb.csproj", "{0597D093-A7B2-4D47-866A-BE0E3C71D467}"
EndProject
Project("{9A19103F-16F7-4668-BE54-9A1E7A4F7556}") = "EntityLayer", "..\EntityLayer\EntityLayer.csproj", "{012ACE16-5F53-4540-A5A1-487FB18D1717}"
EndProject
Project("{FAE04EC0-301F-11D3-BF4B-00C04F79EFBC}") = "XUnitTestProject1", "..\XUnitTestProject1\XUnitTestProject1.csproj", "{3DB56F0C-3DB7-4C96-A8D8-3253966EAD99}"
EndProject
Global
	GlobalSection(SolutionConfigurationPlatforms) = preSolution
		Debug|Any CPU = Debug|Any CPU
		Release|Any CPU = Release|Any CPU
	EndGlobalSection
	GlobalSection(ProjectConfigurationPlatforms) = postSolution
		{0597D093-A7B2-4D47-866A-BE0E3C71D467}.Debug|Any CPU.ActiveCfg = Debug|Any CPU
		{0597D093-A7B2-4D47-866A-BE0E3C71D467}.Debug|Any CPU.Build.0 = Debug|Any CPU
		{0597D093-A7B2-4D47-866A-BE0E3C71D467}.Release|Any CPU.ActiveCfg = Release|Any CPU
		{0597D093-A7B2-4D47-866A-BE0E3C71D467}.Release|Any CPU.Build.0 = Release|Any CPU
		{012ACE16-5F53-4540-A5A1-487FB18D1717}.Debug|Any CPU.ActiveCfg = Debug|Any CPU
		{012ACE16-5F53-4540-A5A1-487FB18D1717}.Debug|Any CPU.Build.0 = Debug|Any CPU
		{012ACE16-5F53-4540-A5A1-487FB18D1717}.Release|Any CPU.ActiveCfg = Release|Any CPU
		{012ACE16-5F53-4540-A5A1-487FB18D1717}.Release|Any CPU.Build.0 = Release|Any CPU
		{3DB56F0C-3DB7-4C96-A8D8-3253966EAD99}.Debug|Any CPU.ActiveCfg = Debug|Any CPU
		{3DB56F0C-3DB7-4C96-A8D8-3253966EAD99}.Debug|Any CPU.Build.0 = Debug|Any CPU
		{3DB56F0C-3DB7-4C96-A8D8-3253966EAD99}.Release|Any CPU.ActiveCfg = Release|Any CPU
		{3DB56F0C-3DB7-4C96-A8D8-3253966EAD99}.Release|Any CPU.Build.0 = Release|Any CPU
	EndGlobalSection
	GlobalSection(SolutionProperties) = preSolution
		HideSolutionNode = FALSE
	EndGlobalSection
	GlobalSection(ExtensibilityGlobals) = postSolution
		SolutionGuid = {00BC8968-D721-44C4-8758-999D609C556A}
	EndGlobalSection
EndGlobal
